
Microsoft Visual Studio Solution File, Format Version 12.00
# Visual Studio 2012
Project("{FAE04EC0-301F-11D3-BF4B-00C04F79EFBC}") = "Glimpse-Test", "Glimpse-Test\Glimpse-Test.csproj", "{68138143-1FAA-4B8C-8AAF-7680A75678AD}"
EndProject
Global
	GlobalSection(SolutionConfigurationPlatforms) = preSolution
		Debug|Any CPU = Debug|Any CPU
		Release|Any CPU = Release|Any CPU
	EndGlobalSection
	GlobalSection(ProjectConfigurationPlatforms) = postSolution
		{68138143-1FAA-4B8C-8AAF-7680A75678AD}.Debug|Any CPU.ActiveCfg = Debug|Any CPU
		{68138143-1FAA-4B8C-8AAF-7680A75678AD}.Debug|Any CPU.Build.0 = Debug|Any CPU
		{68138143-1FAA-4B8C-8AAF-7680A75678AD}.Release|Any CPU.ActiveCfg = Release|Any CPU
		{68138143-1FAA-4B8C-8AAF-7680A75678AD}.Release|Any CPU.Build.0 = Release|Any CPU
	EndGlobalSection
	GlobalSection(SolutionProperties) = preSolution
		HideSolutionNode = FALSE
	EndGlobalSection
EndGlobal
